
Microsoft Visual Studio Solution File, Format Version 12.00
# Visual Studio Version 17
VisualStudioVersion = 17.8.34330.188
MinimumVisualStudioVersion = 10.0.40219.1
Project("{FAE04EC0-301F-11D3-BF4B-00C04F79EFBC}") = "ExcelDataExporter.Loader", "ExcelDataExporter.Loader\ExcelDataExporter.Loader.csproj", "{23251098-6BA5-4A94-9455-6CD4D9F3E545}"
EndProject
Project("{FAE04EC0-301F-11D3-BF4B-00C04F79EFBC}") = "ExcelDataExporter.Loader.Tests", "ExcelDataExporter.Loader.Tests\ExcelDataExporter.Loader.Tests.csproj", "{1B33AFA1-C594-49A5-B854-29C6F8A6C232}"
EndProject
Global
	GlobalSection(SolutionConfigurationPlatforms) = preSolution
		Debug|Any CPU = Debug|Any CPU
		Release|Any CPU = Release|Any CPU
	EndGlobalSection
	GlobalSection(ProjectConfigurationPlatforms) = postSolution
		{23251098-6BA5-4A94-9455-6CD4D9F3E545}.Debug|Any CPU.ActiveCfg = Debug|Any CPU
		{23251098-6BA5-4A94-9455-6CD4D9F3E545}.Debug|Any CPU.Build.0 = Debug|Any CPU
		{23251098-6BA5-4A94-9455-6CD4D9F3E545}.Release|Any CPU.ActiveCfg = Release|Any CPU
		{23251098-6BA5-4A94-9455-6CD4D9F3E545}.Release|Any CPU.Build.0 = Release|Any CPU
		{1B33AFA1-C594-49A5-B854-29C6F8A6C232}.Debug|Any CPU.ActiveCfg = Debug|Any CPU
		{1B33AFA1-C594-49A5-B854-29C6F8A6C232}.Debug|Any CPU.Build.0 = Debug|Any CPU
		{1B33AFA1-C594-49A5-B854-29C6F8A6C232}.Release|Any CPU.ActiveCfg = Release|Any CPU
		{1B33AFA1-C594-49A5-B854-29C6F8A6C232}.Release|Any CPU.Build.0 = Release|Any CPU
	EndGlobalSection
	GlobalSection(SolutionProperties) = preSolution
		HideSolutionNode = FALSE
	EndGlobalSection
	GlobalSection(ExtensibilityGlobals) = postSolution
		SolutionGuid = {DF3AEC24-024E-45C9-B350-B11A6E62DC0B}
	EndGlobalSection
EndGlobal
